
Microsoft Visual Studio Solution File, Format Version 12.00
# Visual Studio Version 17
VisualStudioVersion = 17.12.35527.113 d17.12
MinimumVisualStudioVersion = 10.0.40219.1
Project("{FAE04EC0-301F-11D3-BF4B-00C04F79EFBC}") = "MaxssauLibraries", "MaxssauLibraries\MaxssauLibraries.csproj", "{ADB675ED-6275-4C38-8250-9A0E448AE8B6}"
EndProject
Project("{FAE04EC0-301F-11D3-BF4B-00C04F79EFBC}") = "RAW_Edit", "..\..\RAW_Edit_001\RAW_Edit\RAW_Edit\RAW_Edit.csproj", "{C7C87ECA-0C47-45FE-A071-6A9D8BC5EFD0}"
	ProjectSection(ProjectDependencies) = postProject
		{ADB675ED-6275-4C38-8250-9A0E448AE8B6} = {ADB675ED-6275-4C38-8250-9A0E448AE8B6}
	EndProjectSection
EndProject
Global
	GlobalSection(SolutionConfigurationPlatforms) = preSolution
		Debug|Any CPU = Debug|Any CPU
		Debug|x64 = Debug|x64
		Debug|x86 = Debug|x86
		Release|Any CPU = Release|Any CPU
		Release|x64 = Release|x64
		Release|x86 = Release|x86
	EndGlobalSection
	GlobalSection(ProjectConfigurationPlatforms) = postSolution
		{ADB675ED-6275-4C38-8250-9A0E448AE8B6}.Debug|Any CPU.ActiveCfg = Debug|Any CPU
		{ADB675ED-6275-4C38-8250-9A0E448AE8B6}.Debug|Any CPU.Build.0 = Debug|Any CPU
		{ADB675ED-6275-4C38-8250-9A0E448AE8B6}.Debug|x64.ActiveCfg = Debug|x64
		{ADB675ED-6275-4C38-8250-9A0E448AE8B6}.Debug|x64.Build.0 = Debug|x64
		{ADB675ED-6275-4C38-8250-9A0E448AE8B6}.Debug|x86.ActiveCfg = Debug|x86
		{ADB675ED-6275-4C38-8250-9A0E448AE8B6}.Debug|x86.Build.0 = Debug|x86
		{ADB675ED-6275-4C38-8250-9A0E448AE8B6}.Release|Any CPU.ActiveCfg = Release|Any CPU
		{ADB675ED-6275-4C38-8250-9A0E448AE8B6}.Release|Any CPU.Build.0 = Release|Any CPU
		{ADB675ED-6275-4C38-8250-9A0E448AE8B6}.Release|x64.ActiveCfg = Release|x64
		{ADB675ED-6275-4C38-8250-9A0E448AE8B6}.Release|x64.Build.0 = Release|x64
		{ADB675ED-6275-4C38-8250-9A0E448AE8B6}.Release|x86.ActiveCfg = Release|x86
		{ADB675ED-6275-4C38-8250-9A0E448AE8B6}.Release|x86.Build.0 = Release|x86
		{C7C87ECA-0C47-45FE-A071-6A9D8BC5EFD0}.Debug|Any CPU.ActiveCfg = Debug|Any CPU
		{C7C87ECA-0C47-45FE-A071-6A9D8BC5EFD0}.Debug|Any CPU.Build.0 = Debug|Any CPU
		{C7C87ECA-0C47-45FE-A071-6A9D8BC5EFD0}.Debug|x64.ActiveCfg = Debug|x64
		{C7C87ECA-0C47-45FE-A071-6A9D8BC5EFD0}.Debug|x64.Build.0 = Debug|x64
		{C7C87ECA-0C47-45FE-A071-6A9D8BC5EFD0}.Debug|x86.ActiveCfg = Debug|x86
		{C7C87ECA-0C47-45FE-A071-6A9D8BC5EFD0}.Debug|x86.Build.0 = Debug|x86
		{C7C87ECA-0C47-45FE-A071-6A9D8BC5EFD0}.Release|Any CPU.ActiveCfg = Release|Any CPU
		{C7C87ECA-0C47-45FE-A071-6A9D8BC5EFD0}.Release|Any CPU.Build.0 = Release|Any CPU
		{C7C87ECA-0C47-45FE-A071-6A9D8BC5EFD0}.Release|x64.ActiveCfg = Release|x64
		{C7C87ECA-0C47-45FE-A071-6A9D8BC5EFD0}.Release|x64.Build.0 = Release|x64
		{C7C87ECA-0C47-45FE-A071-6A9D8BC5EFD0}.Release|x86.ActiveCfg = Release|x86
		{C7C87ECA-0C47-45FE-A071-6A9D8BC5EFD0}.Release|x86.Build.0 = Release|x86
	EndGlobalSection
	GlobalSection(SolutionProperties) = preSolution
		HideSolutionNode = FALSE
	EndGlobalSection
EndGlobal
